
Microsoft Visual Studio Solution File, Format Version 12.00
Project("{FAE04EC0-301F-11D3-BF4B-00C04F79EFBC}") = "MappingIssueTest", "MappingIssueTest\MappingIssueTest.csproj", "{0A414846-6DDB-4C19-9E65-C43B017A960C}"
EndProject
Global
	GlobalSection(SolutionConfigurationPlatforms) = preSolution
		Debug|Any CPU = Debug|Any CPU
		Release|Any CPU = Release|Any CPU
	EndGlobalSection
	GlobalSection(ProjectConfigurationPlatforms) = postSolution
		{0A414846-6DDB-4C19-9E65-C43B017A960C}.Debug|Any CPU.ActiveCfg = Debug|Any CPU
		{0A414846-6DDB-4C19-9E65-C43B017A960C}.Debug|Any CPU.Build.0 = Debug|Any CPU
		{0A414846-6DDB-4C19-9E65-C43B017A960C}.Release|Any CPU.ActiveCfg = Release|Any CPU
		{0A414846-6DDB-4C19-9E65-C43B017A960C}.Release|Any CPU.Build.0 = Release|Any CPU
	EndGlobalSection
EndGlobal
